
Microsoft Visual Studio Solution File, Format Version 12.00
# Visual Studio Version 17
VisualStudioVersion = 17.0.31903.59
MinimumVisualStudioVersion = 10.0.40219.1
Project("{2150E333-8FDC-42A3-9474-1A3956D46DE8}") = "src", "src", "{87DCD518-50D7-462F-8669-EC4CE189B4FA}"
EndProject
Project("{9A19103F-16F7-4668-BE54-9A1E7A4F7556}") = "Glow", "src\Glow\Glow.csproj", "{CE3D4F1C-2EE4-492F-A88A-BC86218ABD4C}"
EndProject
Project("{9A19103F-16F7-4668-BE54-9A1E7A4F7556}") = "GlowF", "src\GlowF\GlowF.csproj", "{CEAE7695-5219-4092-8718-41E87352285C}"
EndProject
Project("{9A19103F-16F7-4668-BE54-9A1E7A4F7556}") = "Memory", "src\Memory\Memory.csproj", "{2BC2B43C-C32A-4438-A5DC-09D4DBE65B77}"
EndProject
Project("{FAE04EC0-301F-11D3-BF4B-00C04F79EFBC}") = "SkinChange", "src\SkinChange\SkinChange.csproj", "{B01CED56-024F-445B-AC5D-60DFBAD103DD}"
EndProject
Project("{FAE04EC0-301F-11D3-BF4B-00C04F79EFBC}") = "Domain", "src\Domain\Domain.csproj", "{2B72A98F-157D-4A06-949C-BFC3950B1846}"
EndProject
Project("{FAE04EC0-301F-11D3-BF4B-00C04F79EFBC}") = "Aimbot", "src\Aimbot\Aimbot.csproj", "{3032A7F7-1BF0-4F47-9AA8-E6B7B110F06E}"
EndProject
Global
	GlobalSection(SolutionConfigurationPlatforms) = preSolution
		Debug|Any CPU = Debug|Any CPU
		Debug|x86 = Debug|x86
		Release|Any CPU = Release|Any CPU
		Release|x86 = Release|x86
	EndGlobalSection
	GlobalSection(ProjectConfigurationPlatforms) = postSolution
		{CE3D4F1C-2EE4-492F-A88A-BC86218ABD4C}.Debug|Any CPU.ActiveCfg = Debug|Any CPU
		{CE3D4F1C-2EE4-492F-A88A-BC86218ABD4C}.Debug|Any CPU.Build.0 = Debug|Any CPU
		{CE3D4F1C-2EE4-492F-A88A-BC86218ABD4C}.Debug|x86.ActiveCfg = Debug|x86
		{CE3D4F1C-2EE4-492F-A88A-BC86218ABD4C}.Debug|x86.Build.0 = Debug|x86
		{CE3D4F1C-2EE4-492F-A88A-BC86218ABD4C}.Release|Any CPU.ActiveCfg = Release|Any CPU
		{CE3D4F1C-2EE4-492F-A88A-BC86218ABD4C}.Release|Any CPU.Build.0 = Release|Any CPU
		{CE3D4F1C-2EE4-492F-A88A-BC86218ABD4C}.Release|x86.ActiveCfg = Release|x86
		{CE3D4F1C-2EE4-492F-A88A-BC86218ABD4C}.Release|x86.Build.0 = Release|x86
		{CEAE7695-5219-4092-8718-41E87352285C}.Debug|Any CPU.ActiveCfg = Debug|Any CPU
		{CEAE7695-5219-4092-8718-41E87352285C}.Debug|Any CPU.Build.0 = Debug|Any CPU
		{CEAE7695-5219-4092-8718-41E87352285C}.Debug|x86.ActiveCfg = Debug|x86
		{CEAE7695-5219-4092-8718-41E87352285C}.Debug|x86.Build.0 = Debug|x86
		{CEAE7695-5219-4092-8718-41E87352285C}.Release|Any CPU.ActiveCfg = Release|Any CPU
		{CEAE7695-5219-4092-8718-41E87352285C}.Release|Any CPU.Build.0 = Release|Any CPU
		{CEAE7695-5219-4092-8718-41E87352285C}.Release|x86.ActiveCfg = Release|x86
		{2BC2B43C-C32A-4438-A5DC-09D4DBE65B77}.Debug|Any CPU.ActiveCfg = Debug|Any CPU
		{2BC2B43C-C32A-4438-A5DC-09D4DBE65B77}.Debug|Any CPU.Build.0 = Debug|Any CPU
		{2BC2B43C-C32A-4438-A5DC-09D4DBE65B77}.Debug|x86.ActiveCfg = Debug|x86
		{2BC2B43C-C32A-4438-A5DC-09D4DBE65B77}.Debug|x86.Build.0 = Debug|x86
		{2BC2B43C-C32A-4438-A5DC-09D4DBE65B77}.Release|Any CPU.ActiveCfg = Release|Any CPU
		{2BC2B43C-C32A-4438-A5DC-09D4DBE65B77}.Release|Any CPU.Build.0 = Release|Any CPU
		{2BC2B43C-C32A-4438-A5DC-09D4DBE65B77}.Release|x86.ActiveCfg = Release|x86
		{2BC2B43C-C32A-4438-A5DC-09D4DBE65B77}.Release|x86.Build.0 = Release|x86
		{B01CED56-024F-445B-AC5D-60DFBAD103DD}.Debug|Any CPU.ActiveCfg = Debug|Any CPU
		{B01CED56-024F-445B-AC5D-60DFBAD103DD}.Debug|Any CPU.Build.0 = Debug|Any CPU
		{B01CED56-024F-445B-AC5D-60DFBAD103DD}.Debug|x86.ActiveCfg = Debug|Any CPU
		{B01CED56-024F-445B-AC5D-60DFBAD103DD}.Debug|x86.Build.0 = Debug|Any CPU
		{B01CED56-024F-445B-AC5D-60DFBAD103DD}.Release|Any CPU.ActiveCfg = Release|Any CPU
		{B01CED56-024F-445B-AC5D-60DFBAD103DD}.Release|Any CPU.Build.0 = Release|Any CPU
		{B01CED56-024F-445B-AC5D-60DFBAD103DD}.Release|x86.ActiveCfg = Release|Any CPU
		{B01CED56-024F-445B-AC5D-60DFBAD103DD}.Release|x86.Build.0 = Release|Any CPU
		{2B72A98F-157D-4A06-949C-BFC3950B1846}.Debug|Any CPU.ActiveCfg = Debug|Any CPU
		{2B72A98F-157D-4A06-949C-BFC3950B1846}.Debug|Any CPU.Build.0 = Debug|Any CPU
		{2B72A98F-157D-4A06-949C-BFC3950B1846}.Debug|x86.ActiveCfg = Debug|Any CPU
		{2B72A98F-157D-4A06-949C-BFC3950B1846}.Debug|x86.Build.0 = Debug|Any CPU
		{2B72A98F-157D-4A06-949C-BFC3950B1846}.Release|Any CPU.ActiveCfg = Release|Any CPU
		{2B72A98F-157D-4A06-949C-BFC3950B1846}.Release|Any CPU.Build.0 = Release|Any CPU
		{2B72A98F-157D-4A06-949C-BFC3950B1846}.Release|x86.ActiveCfg = Release|Any CPU
		{2B72A98F-157D-4A06-949C-BFC3950B1846}.Release|x86.Build.0 = Release|Any CPU
		{3032A7F7-1BF0-4F47-9AA8-E6B7B110F06E}.Debug|Any CPU.ActiveCfg = Debug|Any CPU
		{3032A7F7-1BF0-4F47-9AA8-E6B7B110F06E}.Debug|Any CPU.Build.0 = Debug|Any CPU
		{3032A7F7-1BF0-4F47-9AA8-E6B7B110F06E}.Debug|x86.ActiveCfg = Debug|Any CPU
		{3032A7F7-1BF0-4F47-9AA8-E6B7B110F06E}.Debug|x86.Build.0 = Debug|Any CPU
		{3032A7F7-1BF0-4F47-9AA8-E6B7B110F06E}.Release|Any CPU.ActiveCfg = Release|Any CPU
		{3032A7F7-1BF0-4F47-9AA8-E6B7B110F06E}.Release|Any CPU.Build.0 = Release|Any CPU
		{3032A7F7-1BF0-4F47-9AA8-E6B7B110F06E}.Release|x86.ActiveCfg = Release|Any CPU
		{3032A7F7-1BF0-4F47-9AA8-E6B7B110F06E}.Release|x86.Build.0 = Release|Any CPU
	EndGlobalSection
	GlobalSection(SolutionProperties) = preSolution
		HideSolutionNode = FALSE
	EndGlobalSection
	GlobalSection(NestedProjects) = preSolution
		{CE3D4F1C-2EE4-492F-A88A-BC86218ABD4C} = {87DCD518-50D7-462F-8669-EC4CE189B4FA}
		{CEAE7695-5219-4092-8718-41E87352285C} = {87DCD518-50D7-462F-8669-EC4CE189B4FA}
		{2BC2B43C-C32A-4438-A5DC-09D4DBE65B77} = {87DCD518-50D7-462F-8669-EC4CE189B4FA}
		{B01CED56-024F-445B-AC5D-60DFBAD103DD} = {87DCD518-50D7-462F-8669-EC4CE189B4FA}
		{2B72A98F-157D-4A06-949C-BFC3950B1846} = {87DCD518-50D7-462F-8669-EC4CE189B4FA}
		{3032A7F7-1BF0-4F47-9AA8-E6B7B110F06E} = {87DCD518-50D7-462F-8669-EC4CE189B4FA}
	EndGlobalSection
	GlobalSection(ExtensibilityGlobals) = postSolution
		SolutionGuid = {9015403B-3685-49F6-B9DD-BC4C3CCDF398}
	EndGlobalSection
EndGlobal
